{
  "name": "default",
  "version": "1.0.0",
  "lockfileVersion": 1,
  "requires": true,
  "dependencies": {
    "hmos-neumorphism": {
      "version": "1.0.6",
      "resolved": "https://registry.npmjs.org/hmos-neumorphism/-/hmos-neumorphism-1.0.6.tgz",
      "integrity": "sha512-w+j5IWZi5lbWnRJINtUAzzD7pr9+h8sa8jjUCMnVzcn1lwtNmrXddM/gg3EBXk8zuy542q7AR0MEFFuPUYGxwQ=="
    }
  }
}
